<Solution>
  <Project Path="Advance.SecurityCore.Data/Advance.SecurityCore.Data.csproj" />
  <Project Path="Advance.SecurityCore.Domain/Advance.SecurityCore.Domain.csproj" />
  <Project Path="Advance.SecurityCore.Services/Advance.SecurityCore.Services.csproj" />
  <Project Path="Advance.SecurityCore.Web/Advance.SecurityCore.Web.csproj" />
</Solution>
