
Microsoft Visual Studio Solution File, Format Version 12.00
# Visual Studio Version 17
VisualStudioVersion = 17.9.34714.143
MinimumVisualStudioVersion = 10.0.40219.1
Project("{9A19103F-16F7-4668-BE54-9A1E7A4F7556}") = "HRM", "HRM.csproj", "{01A9237B-8302-407B-8A31-166BB7E3E293}"
EndProject
Project("{FAE04EC0-301F-11D3-BF4B-00C04F79EFBC}") = "HRM.Tests", "HRM.Tests\HRM.Tests.csproj", "{6F5C44C6-CE70-436C-B2D8-9CB149E6A055}"
EndProject
Project("{2150E333-8FDC-42A3-9474-1A3956D46DE8}") = "src", "src", "{827E0CD3-B72D-47B6-A68D-7590B98EB39B}"
EndProject
Project("{2150E333-8FDC-42A3-9474-1A3956D46DE8}") = "Advance.Workflow", "Advance.Workflow", "{13517F81-FC82-2F24-14B4-128350E422E9}"
EndProject
Project("{FAE04EC0-301F-11D3-BF4B-00C04F79EFBC}") = "Advance.Workflow.Contracts", "src\Advance.Workflow\Advance.Workflow.Contracts\Advance.Workflow.Contracts.csproj", "{00244D65-CE21-4E95-84DC-81F951E3086F}"
EndProject
Project("{FAE04EC0-301F-11D3-BF4B-00C04F79EFBC}") = "Advance.Workflow.Domain", "src\Advance.Workflow\Advance.Workflow.Domain\Advance.Workflow.Domain.csproj", "{0A1BEFA4-C367-40C4-9117-AA43BA37A333}"
EndProject
Project("{FAE04EC0-301F-11D3-BF4B-00C04F79EFBC}") = "Advance.Workflow.Org", "src\Advance.Workflow\Advance.Workflow.Org\Advance.Workflow.Org.csproj", "{9E55E783-BFAA-493E-8A23-9069E321B7C3}"
EndProject
Project("{FAE04EC0-301F-11D3-BF4B-00C04F79EFBC}") = "Advance.Workflow.Engine", "src\Advance.Workflow\Advance.Workflow.Engine\Advance.Workflow.Engine.csproj", "{3E2EC3B5-C590-4A74-B1B0-174AA560EAD7}"
EndProject
Project("{FAE04EC0-301F-11D3-BF4B-00C04F79EFBC}") = "Advance.Workflow.Blazor", "src\Advance.Workflow\Advance.Workflow.Blazor\Advance.Workflow.Blazor.csproj", "{C7A9BB5C-6C38-46FC-8300-D009B40C8019}"
EndProject
Global
	GlobalSection(SolutionConfigurationPlatforms) = preSolution
		Debug|Any CPU = Debug|Any CPU
		Debug|x64 = Debug|x64
		Debug|x86 = Debug|x86
		Release|Any CPU = Release|Any CPU
		Release|x64 = Release|x64
		Release|x86 = Release|x86
	EndGlobalSection
	GlobalSection(ProjectConfigurationPlatforms) = postSolution
		{01A9237B-8302-407B-8A31-166BB7E3E293}.Debug|Any CPU.ActiveCfg = Debug|Any CPU
		{01A9237B-8302-407B-8A31-166BB7E3E293}.Debug|Any CPU.Build.0 = Debug|Any CPU
		{01A9237B-8302-407B-8A31-166BB7E3E293}.Debug|x64.ActiveCfg = Debug|Any CPU
		{01A9237B-8302-407B-8A31-166BB7E3E293}.Debug|x64.Build.0 = Debug|Any CPU
		{01A9237B-8302-407B-8A31-166BB7E3E293}.Debug|x86.ActiveCfg = Debug|Any CPU
		{01A9237B-8302-407B-8A31-166BB7E3E293}.Debug|x86.Build.0 = Debug|Any CPU
		{01A9237B-8302-407B-8A31-166BB7E3E293}.Release|Any CPU.ActiveCfg = Release|Any CPU
		{01A9237B-8302-407B-8A31-166BB7E3E293}.Release|Any CPU.Build.0 = Release|Any CPU
		{01A9237B-8302-407B-8A31-166BB7E3E293}.Release|x64.ActiveCfg = Release|Any CPU
		{01A9237B-8302-407B-8A31-166BB7E3E293}.Release|x64.Build.0 = Release|Any CPU
		{01A9237B-8302-407B-8A31-166BB7E3E293}.Release|x86.ActiveCfg = Release|Any CPU
		{01A9237B-8302-407B-8A31-166BB7E3E293}.Release|x86.Build.0 = Release|Any CPU
		{6F5C44C6-CE70-436C-B2D8-9CB149E6A055}.Debug|Any CPU.ActiveCfg = Debug|Any CPU
		{6F5C44C6-CE70-436C-B2D8-9CB149E6A055}.Debug|Any CPU.Build.0 = Debug|Any CPU
		{6F5C44C6-CE70-436C-B2D8-9CB149E6A055}.Debug|x64.ActiveCfg = Debug|Any CPU
		{6F5C44C6-CE70-436C-B2D8-9CB149E6A055}.Debug|x64.Build.0 = Debug|Any CPU
		{6F5C44C6-CE70-436C-B2D8-9CB149E6A055}.Debug|x86.ActiveCfg = Debug|Any CPU
		{6F5C44C6-CE70-436C-B2D8-9CB149E6A055}.Debug|x86.Build.0 = Debug|Any CPU
		{6F5C44C6-CE70-436C-B2D8-9CB149E6A055}.Release|Any CPU.ActiveCfg = Release|Any CPU
		{6F5C44C6-CE70-436C-B2D8-9CB149E6A055}.Release|Any CPU.Build.0 = Release|Any CPU
		{6F5C44C6-CE70-436C-B2D8-9CB149E6A055}.Release|x64.ActiveCfg = Release|Any CPU
		{6F5C44C6-CE70-436C-B2D8-9CB149E6A055}.Release|x64.Build.0 = Release|Any CPU
		{6F5C44C6-CE70-436C-B2D8-9CB149E6A055}.Release|x86.ActiveCfg = Release|Any CPU
		{6F5C44C6-CE70-436C-B2D8-9CB149E6A055}.Release|x86.Build.0 = Release|Any CPU
		{00244D65-CE21-4E95-84DC-81F951E3086F}.Debug|Any CPU.ActiveCfg = Debug|Any CPU
		{00244D65-CE21-4E95-84DC-81F951E3086F}.Debug|Any CPU.Build.0 = Debug|Any CPU
		{00244D65-CE21-4E95-84DC-81F951E3086F}.Debug|x64.ActiveCfg = Debug|Any CPU
		{00244D65-CE21-4E95-84DC-81F951E3086F}.Debug|x64.Build.0 = Debug|Any CPU
		{00244D65-CE21-4E95-84DC-81F951E3086F}.Debug|x86.ActiveCfg = Debug|Any CPU
		{00244D65-CE21-4E95-84DC-81F951E3086F}.Debug|x86.Build.0 = Debug|Any CPU
		{00244D65-CE21-4E95-84DC-81F951E3086F}.Release|Any CPU.ActiveCfg = Release|Any CPU
		{00244D65-CE21-4E95-84DC-81F951E3086F}.Release|Any CPU.Build.0 = Release|Any CPU
		{00244D65-CE21-4E95-84DC-81F951E3086F}.Release|x64.ActiveCfg = Release|Any CPU
		{00244D65-CE21-4E95-84DC-81F951E3086F}.Release|x64.Build.0 = Release|Any CPU
		{00244D65-CE21-4E95-84DC-81F951E3086F}.Release|x86.ActiveCfg = Release|Any CPU
		{00244D65-CE21-4E95-84DC-81F951E3086F}.Release|x86.Build.0 = Release|Any CPU
		{0A1BEFA4-C367-40C4-9117-AA43BA37A333}.Debug|Any CPU.ActiveCfg = Debug|Any CPU
		{0A1BEFA4-C367-40C4-9117-AA43BA37A333}.Debug|Any CPU.Build.0 = Debug|Any CPU
		{0A1BEFA4-C367-40C4-9117-AA43BA37A333}.Debug|x64.ActiveCfg = Debug|Any CPU
		{0A1BEFA4-C367-40C4-9117-AA43BA37A333}.Debug|x64.Build.0 = Debug|Any CPU
		{0A1BEFA4-C367-40C4-9117-AA43BA37A333}.Debug|x86.ActiveCfg = Debug|Any CPU
		{0A1BEFA4-C367-40C4-9117-AA43BA37A333}.Debug|x86.Build.0 = Debug|Any CPU
		{0A1BEFA4-C367-40C4-9117-AA43BA37A333}.Release|Any CPU.ActiveCfg = Release|Any CPU
		{0A1BEFA4-C367-40C4-9117-AA43BA37A333}.Release|Any CPU.Build.0 = Release|Any CPU
		{0A1BEFA4-C367-40C4-9117-AA43BA37A333}.Release|x64.ActiveCfg = Release|Any CPU
		{0A1BEFA4-C367-40C4-9117-AA43BA37A333}.Release|x64.Build.0 = Release|Any CPU
		{0A1BEFA4-C367-40C4-9117-AA43BA37A333}.Release|x86.ActiveCfg = Release|Any CPU
		{0A1BEFA4-C367-40C4-9117-AA43BA37A333}.Release|x86.Build.0 = Release|Any CPU
		{9E55E783-BFAA-493E-8A23-9069E321B7C3}.Debug|Any CPU.ActiveCfg = Debug|Any CPU
		{9E55E783-BFAA-493E-8A23-9069E321B7C3}.Debug|Any CPU.Build.0 = Debug|Any CPU
		{9E55E783-BFAA-493E-8A23-9069E321B7C3}.Debug|x64.ActiveCfg = Debug|Any CPU
		{9E55E783-BFAA-493E-8A23-9069E321B7C3}.Debug|x64.Build.0 = Debug|Any CPU
		{9E55E783-BFAA-493E-8A23-9069E321B7C3}.Debug|x86.ActiveCfg = Debug|Any CPU
		{9E55E783-BFAA-493E-8A23-9069E321B7C3}.Debug|x86.Build.0 = Debug|Any CPU
		{9E55E783-BFAA-493E-8A23-9069E321B7C3}.Release|Any CPU.ActiveCfg = Release|Any CPU
		{9E55E783-BFAA-493E-8A23-9069E321B7C3}.Release|Any CPU.Build.0 = Release|Any CPU
		{9E55E783-BFAA-493E-8A23-9069E321B7C3}.Release|x64.ActiveCfg = Release|Any CPU
		{9E55E783-BFAA-493E-8A23-9069E321B7C3}.Release|x64.Build.0 = Release|Any CPU
		{9E55E783-BFAA-493E-8A23-9069E321B7C3}.Release|x86.ActiveCfg = Release|Any CPU
		{9E55E783-BFAA-493E-8A23-9069E321B7C3}.Release|x86.Build.0 = Release|Any CPU
		{3E2EC3B5-C590-4A74-B1B0-174AA560EAD7}.Debug|Any CPU.ActiveCfg = Debug|Any CPU
		{3E2EC3B5-C590-4A74-B1B0-174AA560EAD7}.Debug|Any CPU.Build.0 = Debug|Any CPU
		{3E2EC3B5-C590-4A74-B1B0-174AA560EAD7}.Debug|x64.ActiveCfg = Debug|Any CPU
		{3E2EC3B5-C590-4A74-B1B0-174AA560EAD7}.Debug|x64.Build.0 = Debug|Any CPU
		{3E2EC3B5-C590-4A74-B1B0-174AA560EAD7}.Debug|x86.ActiveCfg = Debug|Any CPU
		{3E2EC3B5-C590-4A74-B1B0-174AA560EAD7}.Debug|x86.Build.0 = Debug|Any CPU
		{3E2EC3B5-C590-4A74-B1B0-174AA560EAD7}.Release|Any CPU.ActiveCfg = Release|Any CPU
		{3E2EC3B5-C590-4A74-B1B0-174AA560EAD7}.Release|Any CPU.Build.0 = Release|Any CPU
		{3E2EC3B5-C590-4A74-B1B0-174AA560EAD7}.Release|x64.ActiveCfg = Release|Any CPU
		{3E2EC3B5-C590-4A74-B1B0-174AA560EAD7}.Release|x64.Build.0 = Release|Any CPU
		{3E2EC3B5-C590-4A74-B1B0-174AA560EAD7}.Release|x86.ActiveCfg = Release|Any CPU
		{3E2EC3B5-C590-4A74-B1B0-174AA560EAD7}.Release|x86.Build.0 = Release|Any CPU
		{C7A9BB5C-6C38-46FC-8300-D009B40C8019}.Debug|Any CPU.ActiveCfg = Debug|Any CPU
		{C7A9BB5C-6C38-46FC-8300-D009B40C8019}.Debug|Any CPU.Build.0 = Debug|Any CPU
		{C7A9BB5C-6C38-46FC-8300-D009B40C8019}.Debug|x64.ActiveCfg = Debug|Any CPU
		{C7A9BB5C-6C38-46FC-8300-D009B40C8019}.Debug|x64.Build.0 = Debug|Any CPU
		{C7A9BB5C-6C38-46FC-8300-D009B40C8019}.Debug|x86.ActiveCfg = Debug|Any CPU
		{C7A9BB5C-6C38-46FC-8300-D009B40C8019}.Debug|x86.Build.0 = Debug|Any CPU
		{C7A9BB5C-6C38-46FC-8300-D009B40C8019}.Release|Any CPU.ActiveCfg = Release|Any CPU
		{C7A9BB5C-6C38-46FC-8300-D009B40C8019}.Release|Any CPU.Build.0 = Release|Any CPU
		{C7A9BB5C-6C38-46FC-8300-D009B40C8019}.Release|x64.ActiveCfg = Release|Any CPU
		{C7A9BB5C-6C38-46FC-8300-D009B40C8019}.Release|x64.Build.0 = Release|Any CPU
		{C7A9BB5C-6C38-46FC-8300-D009B40C8019}.Release|x86.ActiveCfg = Release|Any CPU
		{C7A9BB5C-6C38-46FC-8300-D009B40C8019}.Release|x86.Build.0 = Release|Any CPU
	EndGlobalSection
	GlobalSection(SolutionProperties) = preSolution
		HideSolutionNode = FALSE
	EndGlobalSection
	GlobalSection(NestedProjects) = preSolution
		{13517F81-FC82-2F24-14B4-128350E422E9} = {827E0CD3-B72D-47B6-A68D-7590B98EB39B}
		{00244D65-CE21-4E95-84DC-81F951E3086F} = {13517F81-FC82-2F24-14B4-128350E422E9}
		{0A1BEFA4-C367-40C4-9117-AA43BA37A333} = {13517F81-FC82-2F24-14B4-128350E422E9}
		{9E55E783-BFAA-493E-8A23-9069E321B7C3} = {13517F81-FC82-2F24-14B4-128350E422E9}
		{3E2EC3B5-C590-4A74-B1B0-174AA560EAD7} = {13517F81-FC82-2F24-14B4-128350E422E9}
		{C7A9BB5C-6C38-46FC-8300-D009B40C8019} = {13517F81-FC82-2F24-14B4-128350E422E9}
	EndGlobalSection
	GlobalSection(ExtensibilityGlobals) = postSolution
		SolutionGuid = {3E547E63-70BF-4BB2-915B-E9CC70E60146}
	EndGlobalSection
EndGlobal
