<Solution>
  <Project Path="Advance.Workflow.Blazor/Advance.Workflow.Blazor.csproj" />
  <Project Path="Advance.Workflow.Contracts/Advance.Workflow.Contracts.csproj" />
  <Project Path="Advance.Workflow.Domain/Advance.Workflow.Domain.csproj" />
  <Project Path="Advance.Workflow.Engine/Advance.Workflow.Engine.csproj" />
  <Project Path="Advance.Workflow.Org/Advance.Workflow.Org.csproj" />
</Solution>
