<Solution>
  <Project Path="Advance.Payroll.Blazor/Advance.Payroll.Blazor.csproj" />
  <Project Path="Advance.Payroll.Contracts/Advance.Payroll.Contracts.csproj" />
  <Project Path="Advance.Payroll.Core/Advance.Payroll.Core.csproj" />
  <Project Path="Advance.Payroll.Data/Advance.Payroll.Data.csproj" />
  <Project Path="Advance.Payroll.Domain/Advance.Payroll.Domain.csproj" />
  <Project Path="Advance.Payroll.Engine/Advance.Payroll.Engine.csproj" />
  <Project Path="Advance.Payroll.Reports/Advance.Payroll.Reports.csproj" />
</Solution>
